
Microsoft Visual Studio Solution File, Format Version 12.00
# Visual Studio Version 17
VisualStudioVersion = 17.5.33414.496
MinimumVisualStudioVersion = 10.0.40219.1
Project("{9A19103F-16F7-4668-BE54-9A1E7A4F7556}") = "SudoScript", "SudoScript\SudoScript.csproj", "{4DED48C1-A5C6-4CDC-877E-DE89DE307AC1}"
EndProject
Project("{9A19103F-16F7-4668-BE54-9A1E7A4F7556}") = "SudoScriptCli", "SudoScriptCli\SudoScriptCli.csproj", "{818395BA-38DA-4A7C-80D1-7E90892B4CE8}"
EndProject
Project("{2150E333-8FDC-42A3-9474-1A3956D46DE8}") = "VersionControl", "VersionControl", "{78676B90-7B19-4048-B6C5-6A65EA1BA662}"
	ProjectSection(SolutionItems) = preProject
		.gitignore = .gitignore
		LICENSE.txt = LICENSE.txt
		README.md = README.md
	EndProjectSection
EndProject
Project("{9A19103F-16F7-4668-BE54-9A1E7A4F7556}") = "Tests", "Tests\Tests.csproj", "{4A33A3D6-5F43-48F9-ACA6-46C6C5BEBB9A}"
EndProject
Global
	GlobalSection(SolutionConfigurationPlatforms) = preSolution
		Debug|Any CPU = Debug|Any CPU
		Release|Any CPU = Release|Any CPU
	EndGlobalSection
	GlobalSection(ProjectConfigurationPlatforms) = postSolution
		{4DED48C1-A5C6-4CDC-877E-DE89DE307AC1}.Debug|Any CPU.ActiveCfg = Debug|Any CPU
		{4DED48C1-A5C6-4CDC-877E-DE89DE307AC1}.Debug|Any CPU.Build.0 = Debug|Any CPU
		{4DED48C1-A5C6-4CDC-877E-DE89DE307AC1}.Release|Any CPU.ActiveCfg = Release|Any CPU
		{4DED48C1-A5C6-4CDC-877E-DE89DE307AC1}.Release|Any CPU.Build.0 = Release|Any CPU
		{818395BA-38DA-4A7C-80D1-7E90892B4CE8}.Debug|Any CPU.ActiveCfg = Debug|Any CPU
		{818395BA-38DA-4A7C-80D1-7E90892B4CE8}.Debug|Any CPU.Build.0 = Debug|Any CPU
		{818395BA-38DA-4A7C-80D1-7E90892B4CE8}.Release|Any CPU.ActiveCfg = Release|Any CPU
		{818395BA-38DA-4A7C-80D1-7E90892B4CE8}.Release|Any CPU.Build.0 = Release|Any CPU
		{4A33A3D6-5F43-48F9-ACA6-46C6C5BEBB9A}.Debug|Any CPU.ActiveCfg = Debug|Any CPU
		{4A33A3D6-5F43-48F9-ACA6-46C6C5BEBB9A}.Debug|Any CPU.Build.0 = Debug|Any CPU
		{4A33A3D6-5F43-48F9-ACA6-46C6C5BEBB9A}.Release|Any CPU.ActiveCfg = Release|Any CPU
		{4A33A3D6-5F43-48F9-ACA6-46C6C5BEBB9A}.Release|Any CPU.Build.0 = Release|Any CPU
	EndGlobalSection
	GlobalSection(SolutionProperties) = preSolution
		HideSolutionNode = FALSE
	EndGlobalSection
	GlobalSection(ExtensibilityGlobals) = postSolution
		SolutionGuid = {418B474C-E6E2-446B-BA06-11F2D397848D}
	EndGlobalSection
EndGlobal
